
Microsoft Visual Studio Solution File, Format Version 12.00
# Visual Studio Version 17
VisualStudioVersion = 17.5.33516.290
MinimumVisualStudioVersion = 10.0.40219.1
Project("{FAE04EC0-301F-11D3-BF4B-00C04F79EFBC}") = "FilesRegister", "FilesRegister\FilesRegister.csproj", "{DEA1581C-05F2-4670-A9E6-E4BAC8D1BD66}"
EndProject
Global
	GlobalSection(SolutionConfigurationPlatforms) = preSolution
		Debug|Any CPU = Debug|Any CPU
		Release|Any CPU = Release|Any CPU
	EndGlobalSection
	GlobalSection(ProjectConfigurationPlatforms) = postSolution
		{DEA1581C-05F2-4670-A9E6-E4BAC8D1BD66}.Debug|Any CPU.ActiveCfg = Debug|Any CPU
		{DEA1581C-05F2-4670-A9E6-E4BAC8D1BD66}.Debug|Any CPU.Build.0 = Debug|Any CPU
		{DEA1581C-05F2-4670-A9E6-E4BAC8D1BD66}.Release|Any CPU.ActiveCfg = Release|Any CPU
		{DEA1581C-05F2-4670-A9E6-E4BAC8D1BD66}.Release|Any CPU.Build.0 = Release|Any CPU
	EndGlobalSection
	GlobalSection(SolutionProperties) = preSolution
		HideSolutionNode = FALSE
	EndGlobalSection
	GlobalSection(ExtensibilityGlobals) = postSolution
		SolutionGuid = {41FE0FA0-63F4-46A7-9DE6-00F699746F97}
	EndGlobalSection
EndGlobal
